// !$*UTF8*$!
{
	archiveVersion = 1;
	classes = {
	};
	objectVersion = 46;
	objects = {

/* Begin PBXBuildFile section */
		040BA8911B38F1040057A16A /* ChorematesViewController.swift in Sources */ = {isa = PBXBuildFile; fileRef = 040BA8901B38F1040057A16A /* ChorematesViewController.swift */; };
		040BA8981B38F1830057A16A /* ParseUI.framework in Frameworks */ = {isa = PBXBuildFile; fileRef = 040BA8971B38F1830057A16A /* ParseUI.framework */; };
		040BA89E1B38F2040057A16A /* Parse.framework in Frameworks */ = {isa = PBXBuildFile; fileRef = 040BA89D1B38F2040057A16A /* Parse.framework */; };
		040BA8A01B38F25A0057A16A /* Bolts.framework in Frameworks */ = {isa = PBXBuildFile; fileRef = 040BA89F1B38F25A0057A16A /* Bolts.framework */; };
		045632B61B519B9400181F9F /* addExpense.swift in Sources */ = {isa = PBXBuildFile; fileRef = 045632B51B519B9400181F9F /* addExpense.swift */; };
		045632B81B519BA000181F9F /* addRequest.swift in Sources */ = {isa = PBXBuildFile; fileRef = 045632B71B519BA000181F9F /* addRequest.swift */; };
		045632BA1B519BA800181F9F /* MyChoreTableCell.swift in Sources */ = {isa = PBXBuildFile; fileRef = 045632B91B519BA800181F9F /* MyChoreTableCell.swift */; };
		045632BC1B519BAD00181F9F /* MyChores.swift in Sources */ = {isa = PBXBuildFile; fileRef = 045632BB1B519BAD00181F9F /* MyChores.swift */; };
		045632BE1B519BB500181F9F /* requestPickChore.swift in Sources */ = {isa = PBXBuildFile; fileRef = 045632BD1B519BB500181F9F /* requestPickChore.swift */; };
		0AF9BA181B0187D300093132 /* AppDelegate.swift in Sources */ = {isa = PBXBuildFile; fileRef = 0AF9BA171B0187D300093132 /* AppDelegate.swift */; };
		0AF9BA1A1B0187D300093132 /* LoginPage.swift in Sources */ = {isa = PBXBuildFile; fileRef = 0AF9BA191B0187D300093132 /* LoginPage.swift */; };
		0AF9BA1D1B0187D300093132 /* Main.storyboard in Resources */ = {isa = PBXBuildFile; fileRef = 0AF9BA1B1B0187D300093132 /* Main.storyboard */; };
		0AF9BA1F1B0187D300093132 /* Images.xcassets in Resources */ = {isa = PBXBuildFile; fileRef = 0AF9BA1E1B0187D300093132 /* Images.xcassets */; };
		0AF9BA2E1B0187D400093132 /* chor_matesTests.swift in Sources */ = {isa = PBXBuildFile; fileRef = 0AF9BA2D1B0187D400093132 /* chor_matesTests.swift */; };
		4A05108F1B09729E00D6AAE7 /* LaunchScreen.xib in Resources */ = {isa = PBXBuildFile; fileRef = 0AF9BA201B0187D300093132 /* LaunchScreen.xib */; };
		4A4DDF731B38F742000132E9 /* HouseHoldPage.swift in Sources */ = {isa = PBXBuildFile; fileRef = 4A4DDF721B38F742000132E9 /* HouseHoldPage.swift */; };
		4A4DDF751B3A4551000132E9 /* CreateHouseHoldPage.swift in Sources */ = {isa = PBXBuildFile; fileRef = 4A4DDF741B3A4551000132E9 /* CreateHouseHoldPage.swift */; };
		4A6810461B36214600A78BF6 /* RegisterPage.swift in Sources */ = {isa = PBXBuildFile; fileRef = 4A6810451B36214600A78BF6 /* RegisterPage.swift */; };
		4A68104A1B37276000A78BF6 /* ViewTextController.swift in Sources */ = {isa = PBXBuildFile; fileRef = 4A6810491B37276000A78BF6 /* ViewTextController.swift */; };
		4A7D28EA1B3761E000D9B5C7 /* PopUpViewController_iPhone6.xib in Resources */ = {isa = PBXBuildFile; fileRef = 4A7D28E41B3761E000D9B5C7 /* PopUpViewController_iPhone6.xib */; };
		4A7D28EB1B3761E000D9B5C7 /* PopUpViewController_iPhone6Plus.xib in Resources */ = {isa = PBXBuildFile; fileRef = 4A7D28E51B3761E000D9B5C7 /* PopUpViewController_iPhone6Plus.xib */; };
		4A7D28ED1B3761E000D9B5C7 /* PopUpViewController.xib in Resources */ = {isa = PBXBuildFile; fileRef = 4A7D28E81B3761E000D9B5C7 /* PopUpViewController.xib */; };
		4A7D28EE1B3761E000D9B5C7 /* PopUpViewControllerSwift.swift in Sources */ = {isa = PBXBuildFile; fileRef = 4A7D28E91B3761E000D9B5C7 /* PopUpViewControllerSwift.swift */; };
		4A7D28F01B3761FD00D9B5C7 /* PopUpViewController_iPad.xib in Resources */ = {isa = PBXBuildFile; fileRef = 4A7D28EF1B3761FD00D9B5C7 /* PopUpViewController_iPad.xib */; };
		4A7D28F31B379A9800D9B5C7 /* ForgotPage.swift in Sources */ = {isa = PBXBuildFile; fileRef = 4A7D28F21B379A9800D9B5C7 /* ForgotPage.swift */; };
		4A9A48861B47320F0098BD03 /* JoinHouseholdPage.swift in Sources */ = {isa = PBXBuildFile; fileRef = 4A9A48851B47320F0098BD03 /* JoinHouseholdPage.swift */; };
		4A9A63541B4F709C0031E612 /* Expenses.swift in Sources */ = {isa = PBXBuildFile; fileRef = 4A9A63531B4F709C0031E612 /* Expenses.swift */; };
		4AC6B4271B12B7A5008A46EC /* AudioToolbox.framework in Frameworks */ = {isa = PBXBuildFile; fileRef = 4A92F4101B12B5F500AC8FA6 /* AudioToolbox.framework */; };
		4AC6B4281B12B7A5008A46EC /* CFNetwork.framework in Frameworks */ = {isa = PBXBuildFile; fileRef = 4A92F4111B12B5F500AC8FA6 /* CFNetwork.framework */; };
		4AC6B4291B12B7A5008A46EC /* CoreGraphics.framework in Frameworks */ = {isa = PBXBuildFile; fileRef = 4A92F4121B12B5F500AC8FA6 /* CoreGraphics.framework */; };
		4AC6B42A1B12B7A5008A46EC /* CoreLocation.framework in Frameworks */ = {isa = PBXBuildFile; fileRef = 4A92F4131B12B5F500AC8FA6 /* CoreLocation.framework */; };
		4AC6B42B1B12B7A5008A46EC /* libsqlite3.dylib in Frameworks */ = {isa = PBXBuildFile; fileRef = 4A92F4141B12B5F500AC8FA6 /* libsqlite3.dylib */; };
		4AC6B42C1B12B7A5008A46EC /* libz.dylib in Frameworks */ = {isa = PBXBuildFile; fileRef = 4A92F4151B12B5F500AC8FA6 /* libz.dylib */; };
		4AC6B42D1B12B7A5008A46EC /* MobileCoreServices.framework in Frameworks */ = {isa = PBXBuildFile; fileRef = 4A92F4161B12B5F500AC8FA6 /* MobileCoreServices.framework */; };
		4AC6B42E1B12B7A5008A46EC /* QuartzCore.framework in Frameworks */ = {isa = PBXBuildFile; fileRef = 4A92F4171B12B5F500AC8FA6 /* QuartzCore.framework */; };
		4AC6B42F1B12B7A5008A46EC /* Security.framework in Frameworks */ = {isa = PBXBuildFile; fileRef = 4A92F4181B12B5F500AC8FA6 /* Security.framework */; };
		4AC6B4301B12B7A5008A46EC /* StoreKit.framework in Frameworks */ = {isa = PBXBuildFile; fileRef = 4A92F4191B12B5F500AC8FA6 /* StoreKit.framework */; };
		4AC6B4311B12B7A5008A46EC /* SystemConfiguration.framework in Frameworks */ = {isa = PBXBuildFile; fileRef = 4A92F41A1B12B5F500AC8FA6 /* SystemConfiguration.framework */; };
/* End PBXBuildFile section */

/* Begin PBXContainerItemProxy section */
		0AF9BA281B0187D400093132 /* PBXContainerItemProxy */ = {
			isa = PBXContainerItemProxy;
			containerPortal = 0AF9BA0A1B0187D000093132 /* Project object */;
			proxyType = 1;
			remoteGlobalIDString = 0AF9BA111B0187D000093132;
			remoteInfo = chor_mates;
		};
/* End PBXContainerItemProxy section */

/* Begin PBXFileReference section */
		040BA8901B38F1040057A16A /* ChorematesViewController.swift */ = {isa = PBXFileReference; fileEncoding = 4; lastKnownFileType = sourcecode.swift; path = ChorematesViewController.swift; sourceTree = "<group>"; };
		040BA8971B38F1830057A16A /* ParseUI.framework */ = {isa = PBXFileReference; lastKnownFileType = wrapper.framework; path = ParseUI.framework; sourceTree = "<group>"; };
		040BA89D1B38F2040057A16A /* Parse.framework */ = {isa = PBXFileReference; lastKnownFileType = wrapper.framework; path = Parse.framework; sourceTree = "<group>"; };
		040BA89F1B38F25A0057A16A /* Bolts.framework */ = {isa = PBXFileReference; lastKnownFileType = wrapper.framework; path = Bolts.framework; sourceTree = "<group>"; };
		045632B51B519B9400181F9F /* addExpense.swift */ = {isa = PBXFileReference; fileEncoding = 4; lastKnownFileType = sourcecode.swift; path = addExpense.swift; sourceTree = "<group>"; };
		045632B71B519BA000181F9F /* addRequest.swift */ = {isa = PBXFileReference; fileEncoding = 4; lastKnownFileType = sourcecode.swift; path = addRequest.swift; sourceTree = "<group>"; };
		045632B91B519BA800181F9F /* MyChoreTableCell.swift */ = {isa = PBXFileReference; fileEncoding = 4; lastKnownFileType = sourcecode.swift; path = MyChoreTableCell.swift; sourceTree = "<group>"; };
		045632BB1B519BAD00181F9F /* MyChores.swift */ = {isa = PBXFileReference; fileEncoding = 4; lastKnownFileType = sourcecode.swift; path = MyChores.swift; sourceTree = "<group>"; };
		045632BD1B519BB500181F9F /* requestPickChore.swift */ = {isa = PBXFileReference; fileEncoding = 4; lastKnownFileType = sourcecode.swift; path = requestPickChore.swift; sourceTree = "<group>"; };
		0AF9BA121B0187D200093132 /* chor_mates.app */ = {isa = PBXFileReference; explicitFileType = wrapper.application; includeInIndex = 0; path = chor_mates.app; sourceTree = BUILT_PRODUCTS_DIR; };
		0AF9BA161B0187D300093132 /* Info.plist */ = {isa = PBXFileReference; lastKnownFileType = text.plist.xml; path = Info.plist; sourceTree = "<group>"; };
		0AF9BA171B0187D300093132 /* AppDelegate.swift */ = {isa = PBXFileReference; lastKnownFileType = sourcecode.swift; path = AppDelegate.swift; sourceTree = "<group>"; wrapsLines = 1; };
		0AF9BA191B0187D300093132 /* LoginPage.swift */ = {isa = PBXFileReference; lastKnownFileType = sourcecode.swift; path = LoginPage.swift; sourceTree = "<group>"; };
		0AF9BA1C1B0187D300093132 /* Base */ = {isa = PBXFileReference; lastKnownFileType = file.storyboard; name = Base; path = Base.lproj/Main.storyboard; sourceTree = "<group>"; };
		0AF9BA1E1B0187D300093132 /* Images.xcassets */ = {isa = PBXFileReference; lastKnownFileType = folder.assetcatalog; path = Images.xcassets; sourceTree = "<group>"; };
		0AF9BA211B0187D300093132 /* Base */ = {isa = PBXFileReference; lastKnownFileType = file.xib; name = Base; path = Base.lproj/LaunchScreen.xib; sourceTree = "<group>"; };
		0AF9BA271B0187D400093132 /* chor_matesTests.xctest */ = {isa = PBXFileReference; explicitFileType = wrapper.cfbundle; includeInIndex = 0; path = chor_matesTests.xctest; sourceTree = BUILT_PRODUCTS_DIR; };
		0AF9BA2C1B0187D400093132 /* Info.plist */ = {isa = PBXFileReference; lastKnownFileType = text.plist.xml; path = Info.plist; sourceTree = "<group>"; };
		0AF9BA2D1B0187D400093132 /* chor_matesTests.swift */ = {isa = PBXFileReference; lastKnownFileType = sourcecode.swift; path = chor_matesTests.swift; sourceTree = "<group>"; };
		4A4DDF721B38F742000132E9 /* HouseHoldPage.swift */ = {isa = PBXFileReference; fileEncoding = 4; lastKnownFileType = sourcecode.swift; path = HouseHoldPage.swift; sourceTree = "<group>"; };
		4A4DDF741B3A4551000132E9 /* CreateHouseHoldPage.swift */ = {isa = PBXFileReference; fileEncoding = 4; lastKnownFileType = sourcecode.swift; path = CreateHouseHoldPage.swift; sourceTree = "<group>"; };
		4A6810451B36214600A78BF6 /* RegisterPage.swift */ = {isa = PBXFileReference; fileEncoding = 4; lastKnownFileType = sourcecode.swift; path = RegisterPage.swift; sourceTree = "<group>"; };
		4A6810491B37276000A78BF6 /* ViewTextController.swift */ = {isa = PBXFileReference; fileEncoding = 4; lastKnownFileType = sourcecode.swift; path = ViewTextController.swift; sourceTree = "<group>"; };
		4A7D28E41B3761E000D9B5C7 /* PopUpViewController_iPhone6.xib */ = {isa = PBXFileReference; fileEncoding = 4; lastKnownFileType = file.xib; path = PopUpViewController_iPhone6.xib; sourceTree = "<group>"; };
		4A7D28E51B3761E000D9B5C7 /* PopUpViewController_iPhone6Plus.xib */ = {isa = PBXFileReference; fileEncoding = 4; lastKnownFileType = file.xib; path = PopUpViewController_iPhone6Plus.xib; sourceTree = "<group>"; };
		4A7D28E81B3761E000D9B5C7 /* PopUpViewController.xib */ = {isa = PBXFileReference; fileEncoding = 4; lastKnownFileType = file.xib; path = PopUpViewController.xib; sourceTree = "<group>"; };
		4A7D28E91B3761E000D9B5C7 /* PopUpViewControllerSwift.swift */ = {isa = PBXFileReference; fileEncoding = 4; lastKnownFileType = sourcecode.swift; path = PopUpViewControllerSwift.swift; sourceTree = "<group>"; };
		4A7D28EF1B3761FD00D9B5C7 /* PopUpViewController_iPad.xib */ = {isa = PBXFileReference; fileEncoding = 4; lastKnownFileType = file.xib; path = PopUpViewController_iPad.xib; sourceTree = "<group>"; };
		4A7D28F21B379A9800D9B5C7 /* ForgotPage.swift */ = {isa = PBXFileReference; fileEncoding = 4; lastKnownFileType = sourcecode.swift; path = ForgotPage.swift; sourceTree = "<group>"; };
		4A92F4101B12B5F500AC8FA6 /* AudioToolbox.framework */ = {isa = PBXFileReference; lastKnownFileType = wrapper.framework; name = AudioToolbox.framework; path = System/Library/Frameworks/AudioToolbox.framework; sourceTree = SDKROOT; };
		4A92F4111B12B5F500AC8FA6 /* CFNetwork.framework */ = {isa = PBXFileReference; lastKnownFileType = wrapper.framework; name = CFNetwork.framework; path = System/Library/Frameworks/CFNetwork.framework; sourceTree = SDKROOT; };
		4A92F4121B12B5F500AC8FA6 /* CoreGraphics.framework */ = {isa = PBXFileReference; lastKnownFileType = wrapper.framework; name = CoreGraphics.framework; path = System/Library/Frameworks/CoreGraphics.framework; sourceTree = SDKROOT; };
		4A92F4131B12B5F500AC8FA6 /* CoreLocation.framework */ = {isa = PBXFileReference; lastKnownFileType = wrapper.framework; name = CoreLocation.framework; path = System/Library/Frameworks/CoreLocation.framework; sourceTree = SDKROOT; };
		4A92F4141B12B5F500AC8FA6 /* libsqlite3.dylib */ = {isa = PBXFileReference; lastKnownFileType = "compiled.mach-o.dylib"; name = libsqlite3.dylib; path = usr/lib/libsqlite3.dylib; sourceTree = SDKROOT; };
		4A92F4151B12B5F500AC8FA6 /* libz.dylib */ = {isa = PBXFileReference; lastKnownFileType = "compiled.mach-o.dylib"; name = libz.dylib; path = usr/lib/libz.dylib; sourceTree = SDKROOT; };
		4A92F4161B12B5F500AC8FA6 /* MobileCoreServices.framework */ = {isa = PBXFileReference; lastKnownFileType = wrapper.framework; name = MobileCoreServices.framework; path = System/Library/Frameworks/MobileCoreServices.framework; sourceTree = SDKROOT; };
		4A92F4171B12B5F500AC8FA6 /* QuartzCore.framework */ = {isa = PBXFileReference; lastKnownFileType = wrapper.framework; name = QuartzCore.framework; path = System/Library/Frameworks/QuartzCore.framework; sourceTree = SDKROOT; };
		4A92F4181B12B5F500AC8FA6 /* Security.framework */ = {isa = PBXFileReference; lastKnownFileType = wrapper.framework; name = Security.framework; path = System/Library/Frameworks/Security.framework; sourceTree = SDKROOT; };
		4A92F4191B12B5F500AC8FA6 /* StoreKit.framework */ = {isa = PBXFileReference; lastKnownFileType = wrapper.framework; name = StoreKit.framework; path = System/Library/Frameworks/StoreKit.framework; sourceTree = SDKROOT; };
		4A92F41A1B12B5F500AC8FA6 /* SystemConfiguration.framework */ = {isa = PBXFileReference; lastKnownFileType = wrapper.framework; name = SystemConfiguration.framework; path = System/Library/Frameworks/SystemConfiguration.framework; sourceTree = SDKROOT; };
		4A9A48851B47320F0098BD03 /* JoinHouseholdPage.swift */ = {isa = PBXFileReference; fileEncoding = 4; lastKnownFileType = sourcecode.swift; path = JoinHouseholdPage.swift; sourceTree = "<group>"; };
		4A9A63531B4F709C0031E612 /* Expenses.swift */ = {isa = PBXFileReference; fileEncoding = 4; lastKnownFileType = sourcecode.swift; path = Expenses.swift; sourceTree = "<group>"; };
/* End PBXFileReference section */

/* Begin PBXFrameworksBuildPhase section */
		0AF9BA0F1B0187D000093132 /* Frameworks */ = {
			isa = PBXFrameworksBuildPhase;
			buildActionMask = 2147483647;
			files = (
				4AC6B42E1B12B7A5008A46EC /* QuartzCore.framework in Frameworks */,
				4AC6B4271B12B7A5008A46EC /* AudioToolbox.framework in Frameworks */,
				040BA89E1B38F2040057A16A /* Parse.framework in Frameworks */,
				040BA8981B38F1830057A16A /* ParseUI.framework in Frameworks */,
				4AC6B4281B12B7A5008A46EC /* CFNetwork.framework in Frameworks */,
				4AC6B4291B12B7A5008A46EC /* CoreGraphics.framework in Frameworks */,
				4AC6B42A1B12B7A5008A46EC /* CoreLocation.framework in Frameworks */,
				4AC6B42B1B12B7A5008A46EC /* libsqlite3.dylib in Frameworks */,
				4AC6B42C1B12B7A5008A46EC /* libz.dylib in Frameworks */,
				4AC6B42D1B12B7A5008A46EC /* MobileCoreServices.framework in Frameworks */,
				4AC6B42F1B12B7A5008A46EC /* Security.framework in Frameworks */,
				4AC6B4301B12B7A5008A46EC /* StoreKit.framework in Frameworks */,
				4AC6B4311B12B7A5008A46EC /* SystemConfiguration.framework in Frameworks */,
				040BA8A01B38F25A0057A16A /* Bolts.framework in Frameworks */,
			);
			runOnlyForDeploymentPostprocessing = 0;
		};
		0AF9BA241B0187D400093132 /* Frameworks */ = {
			isa = PBXFrameworksBuildPhase;
			buildActionMask = 2147483647;
			files = (
			);
			runOnlyForDeploymentPostprocessing = 0;
		};
/* End PBXFrameworksBuildPhase section */

/* Begin PBXGroup section */
		0449E6341B519FD700951C4B /* RoomatesTab */ = {
			isa = PBXGroup;
			children = (
				040BA8901B38F1040057A16A /* ChorematesViewController.swift */,
			);
			name = RoomatesTab;
			sourceTree = "<group>";
		};
		045632BF1B519BDF00181F9F /* MyChoresTab */ = {
			isa = PBXGroup;
			children = (
				045632BD1B519BB500181F9F /* requestPickChore.swift */,
				045632BB1B519BAD00181F9F /* MyChores.swift */,
				045632B91B519BA800181F9F /* MyChoreTableCell.swift */,
				045632B71B519BA000181F9F /* addRequest.swift */,
				045632B51B519B9400181F9F /* addExpense.swift */,
			);
			name = MyChoresTab;
			sourceTree = "<group>";
		};
		0AF9BA091B0187D000093132 = {
			isa = PBXGroup;
			children = (
				0AF9BA141B0187D200093132 /* chor_mates */,
				0AF9BA2A1B0187D400093132 /* chor_matesTests */,
				0AF9BA131B0187D200093132 /* Products */,
				4AC6B4241B12B765008A46EC /* Frameworks */,
			);
			sourceTree = "<group>";
		};
		0AF9BA131B0187D200093132 /* Products */ = {
			isa = PBXGroup;
			children = (
				0AF9BA121B0187D200093132 /* chor_mates.app */,
				0AF9BA271B0187D400093132 /* chor_matesTests.xctest */,
			);
			name = Products;
			sourceTree = "<group>";
		};
		0AF9BA141B0187D200093132 /* chor_mates */ = {
			isa = PBXGroup;
			children = (
				4A7D28E11B37613400D9B5C7 /* NMPopUpViewController */,
				0AF9BA151B0187D200093132 /* Supporting Files */,
				4A9A48841B472FD80098BD03 /* Login/Register */,
				0AF9BA171B0187D300093132 /* AppDelegate.swift */,
				0AF9BA1B1B0187D300093132 /* Main.storyboard */,
				0AF9BA1E1B0187D300093132 /* Images.xcassets */,
				0AF9BA201B0187D300093132 /* LaunchScreen.xib */,
				4A9A63531B4F709C0031E612 /* Expenses.swift */,
				4A6810491B37276000A78BF6 /* ViewTextController.swift */,
				0449E6341B519FD700951C4B /* RoomatesTab */,
				045632BF1B519BDF00181F9F /* MyChoresTab */,
			);
			path = chor_mates;
			sourceTree = "<group>";
		};
		0AF9BA151B0187D200093132 /* Supporting Files */ = {
			isa = PBXGroup;
			children = (
				0AF9BA161B0187D300093132 /* Info.plist */,
			);
			name = "Supporting Files";
			sourceTree = "<group>";
		};
		0AF9BA2A1B0187D400093132 /* chor_matesTests */ = {
			isa = PBXGroup;
			children = (
				0AF9BA2D1B0187D400093132 /* chor_matesTests.swift */,
				0AF9BA2B1B0187D400093132 /* Supporting Files */,
			);
			path = chor_matesTests;
			sourceTree = "<group>";
		};
		0AF9BA2B1B0187D400093132 /* Supporting Files */ = {
			isa = PBXGroup;
			children = (
				0AF9BA2C1B0187D400093132 /* Info.plist */,
			);
			name = "Supporting Files";
			sourceTree = "<group>";
		};
		4A7D28E11B37613400D9B5C7 /* NMPopUpViewController */ = {
			isa = PBXGroup;
			children = (
				4A7D28E21B3761BA00D9B5C7 /* iPad */,
				4A7D28F11B376B7700D9B5C7 /* iPhone6 */,
				4A7D28E81B3761E000D9B5C7 /* PopUpViewController.xib */,
				4A7D28E91B3761E000D9B5C7 /* PopUpViewControllerSwift.swift */,
			);
			name = NMPopUpViewController;
			sourceTree = "<group>";
		};
		4A7D28E21B3761BA00D9B5C7 /* iPad */ = {
			isa = PBXGroup;
			children = (
				4A7D28EF1B3761FD00D9B5C7 /* PopUpViewController_iPad.xib */,
			);
			name = iPad;
			sourceTree = "<group>";
		};
		4A7D28F11B376B7700D9B5C7 /* iPhone6 */ = {
			isa = PBXGroup;
			children = (
				4A7D28E41B3761E000D9B5C7 /* PopUpViewController_iPhone6.xib */,
				4A7D28E51B3761E000D9B5C7 /* PopUpViewController_iPhone6Plus.xib */,
			);
			name = iPhone6;
			sourceTree = "<group>";
		};
		4A9A48841B472FD80098BD03 /* Login/Register */ = {
			isa = PBXGroup;
			children = (
				0AF9BA191B0187D300093132 /* LoginPage.swift */,
				4A6810451B36214600A78BF6 /* RegisterPage.swift */,
				4A7D28F21B379A9800D9B5C7 /* ForgotPage.swift */,
				4A4DDF721B38F742000132E9 /* HouseHoldPage.swift */,
				4A4DDF741B3A4551000132E9 /* CreateHouseHoldPage.swift */,
				4A9A48851B47320F0098BD03 /* JoinHouseholdPage.swift */,
			);
			name = Login/Register;
			sourceTree = "<group>";
		};
		4AC6B4241B12B765008A46EC /* Frameworks */ = {
			isa = PBXGroup;
			children = (
				040BA89F1B38F25A0057A16A /* Bolts.framework */,
				040BA89D1B38F2040057A16A /* Parse.framework */,
				040BA8971B38F1830057A16A /* ParseUI.framework */,
				4A92F4101B12B5F500AC8FA6 /* AudioToolbox.framework */,
				4A92F4111B12B5F500AC8FA6 /* CFNetwork.framework */,
				4A92F4121B12B5F500AC8FA6 /* CoreGraphics.framework */,
				4A92F4131B12B5F500AC8FA6 /* CoreLocation.framework */,
				4A92F4141B12B5F500AC8FA6 /* libsqlite3.dylib */,
				4A92F4151B12B5F500AC8FA6 /* libz.dylib */,
				4A92F4161B12B5F500AC8FA6 /* MobileCoreServices.framework */,
				4A92F4171B12B5F500AC8FA6 /* QuartzCore.framework */,
				4A92F4181B12B5F500AC8FA6 /* Security.framework */,
				4A92F4191B12B5F500AC8FA6 /* StoreKit.framework */,
				4A92F41A1B12B5F500AC8FA6 /* SystemConfiguration.framework */,
			);
			name = Frameworks;
			sourceTree = "<group>";
		};
/* End PBXGroup section */

/* Begin PBXNativeTarget section */
		0AF9BA111B0187D000093132 /* chor_mates */ = {
			isa = PBXNativeTarget;
			buildConfigurationList = 0AF9BA311B0187D400093132 /* Build configuration list for PBXNativeTarget "chor_mates" */;
			buildPhases = (
				0AF9BA0E1B0187D000093132 /* Sources */,
				0AF9BA0F1B0187D000093132 /* Frameworks */,
				0AF9BA101B0187D000093132 /* Resources */,
			);
			buildRules = (
			);
			dependencies = (
			);
			name = chor_mates;
			productName = chor_mates;
			productReference = 0AF9BA121B0187D200093132 /* chor_mates.app */;
			productType = "com.apple.product-type.application";
		};
		0AF9BA261B0187D400093132 /* chor_matesTests */ = {
			isa = PBXNativeTarget;
			buildConfigurationList = 0AF9BA341B0187D400093132 /* Build configuration list for PBXNativeTarget "chor_matesTests" */;
			buildPhases = (
				0AF9BA231B0187D400093132 /* Sources */,
				0AF9BA241B0187D400093132 /* Frameworks */,
				0AF9BA251B0187D400093132 /* Resources */,
			);
			buildRules = (
			);
			dependencies = (
				0AF9BA291B0187D400093132 /* PBXTargetDependency */,
			);
			name = chor_matesTests;
			productName = chor_matesTests;
			productReference = 0AF9BA271B0187D400093132 /* chor_matesTests.xctest */;
			productType = "com.apple.product-type.bundle.unit-test";
		};
/* End PBXNativeTarget section */

/* Begin PBXProject section */
		0AF9BA0A1B0187D000093132 /* Project object */ = {
			isa = PBXProject;
			attributes = {
				LastUpgradeCheck = 0610;
				ORGANIZATIONNAME = ChorMates;
				TargetAttributes = {
					0AF9BA111B0187D000093132 = {
						CreatedOnToolsVersion = 6.1;
					};
					0AF9BA261B0187D400093132 = {
						CreatedOnToolsVersion = 6.1;
						TestTargetID = 0AF9BA111B0187D000093132;
					};
				};
			};
			buildConfigurationList = 0AF9BA0D1B0187D000093132 /* Build configuration list for PBXProject "chor_mates" */;
			compatibilityVersion = "Xcode 3.2";
			developmentRegion = English;
			hasScannedForEncodings = 0;
			knownRegions = (
				en,
				Base,
			);
			mainGroup = 0AF9BA091B0187D000093132;
			productRefGroup = 0AF9BA131B0187D200093132 /* Products */;
			projectDirPath = "";
			projectRoot = "";
			targets = (
				0AF9BA111B0187D000093132 /* chor_mates */,
				0AF9BA261B0187D400093132 /* chor_matesTests */,
			);
		};
/* End PBXProject section */

/* Begin PBXResourcesBuildPhase section */
		0AF9BA101B0187D000093132 /* Resources */ = {
			isa = PBXResourcesBuildPhase;
			buildActionMask = 2147483647;
			files = (
				4A7D28F01B3761FD00D9B5C7 /* PopUpViewController_iPad.xib in Resources */,
				0AF9BA1D1B0187D300093132 /* Main.storyboard in Resources */,
				4A05108F1B09729E00D6AAE7 /* LaunchScreen.xib in Resources */,
				0AF9BA1F1B0187D300093132 /* Images.xcassets in Resources */,
				4A7D28EB1B3761E000D9B5C7 /* PopUpViewController_iPhone6Plus.xib in Resources */,
				4A7D28EA1B3761E000D9B5C7 /* PopUpViewController_iPhone6.xib in Resources */,
				4A7D28ED1B3761E000D9B5C7 /* PopUpViewController.xib in Resources */,
			);
			runOnlyForDeploymentPostprocessing = 0;
		};
		0AF9BA251B0187D400093132 /* Resources */ = {
			isa = PBXResourcesBuildPhase;
			buildActionMask = 2147483647;
			files = (
			);
			runOnlyForDeploymentPostprocessing = 0;
		};
/* End PBXResourcesBuildPhase section */

/* Begin PBXSourcesBuildPhase section */
		0AF9BA0E1B0187D000093132 /* Sources */ = {
			isa = PBXSourcesBuildPhase;
			buildActionMask = 2147483647;
			files = (
				4A9A63541B4F709C0031E612 /* Expenses.swift in Sources */,
				4A6810461B36214600A78BF6 /* RegisterPage.swift in Sources */,
				045632BE1B519BB500181F9F /* requestPickChore.swift in Sources */,
				4A7D28F31B379A9800D9B5C7 /* ForgotPage.swift in Sources */,
				040BA8911B38F1040057A16A /* ChorematesViewController.swift in Sources */,
				0AF9BA1A1B0187D300093132 /* LoginPage.swift in Sources */,
				0AF9BA181B0187D300093132 /* AppDelegate.swift in Sources */,
				045632BA1B519BA800181F9F /* MyChoreTableCell.swift in Sources */,
				4A68104A1B37276000A78BF6 /* ViewTextController.swift in Sources */,
				4A9A48861B47320F0098BD03 /* JoinHouseholdPage.swift in Sources */,
				045632B61B519B9400181F9F /* addExpense.swift in Sources */,
				045632BC1B519BAD00181F9F /* MyChores.swift in Sources */,
				4A4DDF731B38F742000132E9 /* HouseHoldPage.swift in Sources */,
				045632B81B519BA000181F9F /* addRequest.swift in Sources */,
				4A7D28EE1B3761E000D9B5C7 /* PopUpViewControllerSwift.swift in Sources */,
				4A4DDF751B3A4551000132E9 /* CreateHouseHoldPage.swift in Sources */,
			);
			runOnlyForDeploymentPostprocessing = 0;
		};
		0AF9BA231B0187D400093132 /* Sources */ = {
			isa = PBXSourcesBuildPhase;
			buildActionMask = 2147483647;
			files = (
				0AF9BA2E1B0187D400093132 /* chor_matesTests.swift in Sources */,
			);
			runOnlyForDeploymentPostprocessing = 0;
		};
/* End PBXSourcesBuildPhase section */

/* Begin PBXTargetDependency section */
		0AF9BA291B0187D400093132 /* PBXTargetDependency */ = {
			isa = PBXTargetDependency;
			target = 0AF9BA111B0187D000093132 /* chor_mates */;
			targetProxy = 0AF9BA281B0187D400093132 /* PBXContainerItemProxy */;
		};
/* End PBXTargetDependency section */

/* Begin PBXVariantGroup section */
		0AF9BA1B1B0187D300093132 /* Main.storyboard */ = {
			isa = PBXVariantGroup;
			children = (
				0AF9BA1C1B0187D300093132 /* Base */,
			);
			name = Main.storyboard;
			sourceTree = "<group>";
		};
		0AF9BA201B0187D300093132 /* LaunchScreen.xib */ = {
			isa = PBXVariantGroup;
			children = (
				0AF9BA211B0187D300093132 /* Base */,
			);
			name = LaunchScreen.xib;
			sourceTree = "<group>";
		};
/* End PBXVariantGroup section */

/* Begin XCBuildConfiguration section */
		0AF9BA2F1B0187D400093132 /* Debug */ = {
			isa = XCBuildConfiguration;
			buildSettings = {
				ALWAYS_SEARCH_USER_PATHS = NO;
				CLANG_CXX_LANGUAGE_STANDARD = "gnu++0x";
				CLANG_CXX_LIBRARY = "libc++";
				CLANG_ENABLE_MODULES = YES;
				CLANG_ENABLE_OBJC_ARC = YES;
				CLANG_WARN_BOOL_CONVERSION = YES;
				CLANG_WARN_CONSTANT_CONVERSION = YES;
				CLANG_WARN_DIRECT_OBJC_ISA_USAGE = YES_ERROR;
				CLANG_WARN_EMPTY_BODY = YES;
				CLANG_WARN_ENUM_CONVERSION = YES;
				CLANG_WARN_INT_CONVERSION = YES;
				CLANG_WARN_OBJC_ROOT_CLASS = YES_ERROR;
				CLANG_WARN_UNREACHABLE_CODE = YES;
				CLANG_WARN__DUPLICATE_METHOD_MATCH = YES;
				"CODE_SIGN_IDENTITY[sdk=iphoneos*]" = "iPhone Developer";
				COPY_PHASE_STRIP = NO;
				ENABLE_STRICT_OBJC_MSGSEND = YES;
				GCC_C_LANGUAGE_STANDARD = gnu99;
				GCC_DYNAMIC_NO_PIC = NO;
				GCC_OPTIMIZATION_LEVEL = 0;
				GCC_PREPROCESSOR_DEFINITIONS = (
					"DEBUG=1",
					"$(inherited)",
				);
				GCC_SYMBOLS_PRIVATE_EXTERN = NO;
				GCC_WARN_64_TO_32_BIT_CONVERSION = YES;
				GCC_WARN_ABOUT_RETURN_TYPE = YES_ERROR;
				GCC_WARN_UNDECLARED_SELECTOR = YES;
				GCC_WARN_UNINITIALIZED_AUTOS = YES_AGGRESSIVE;
				GCC_WARN_UNUSED_FUNCTION = YES;
				GCC_WARN_UNUSED_VARIABLE = YES;
				IPHONEOS_DEPLOYMENT_TARGET = 8.1;
				MTL_ENABLE_DEBUG_INFO = YES;
				ONLY_ACTIVE_ARCH = YES;
				SDKROOT = iphoneos;
				SWIFT_OPTIMIZATION_LEVEL = "-Onone";
				TARGETED_DEVICE_FAMILY = "1,2";
			};
			name = Debug;
		};
		0AF9BA301B0187D400093132 /* Release */ = {
			isa = XCBuildConfiguration;
			buildSettings = {
				ALWAYS_SEARCH_USER_PATHS = NO;
				CLANG_CXX_LANGUAGE_STANDARD = "gnu++0x";
				CLANG_CXX_LIBRARY = "libc++";
				CLANG_ENABLE_MODULES = YES;
				CLANG_ENABLE_OBJC_ARC = YES;
				CLANG_WARN_BOOL_CONVERSION = YES;
				CLANG_WARN_CONSTANT_CONVERSION = YES;
				CLANG_WARN_DIRECT_OBJC_ISA_USAGE = YES_ERROR;
				CLANG_WARN_EMPTY_BODY = YES;
				CLANG_WARN_ENUM_CONVERSION = YES;
				CLANG_WARN_INT_CONVERSION = YES;
				CLANG_WARN_OBJC_ROOT_CLASS = YES_ERROR;
				CLANG_WARN_UNREACHABLE_CODE = YES;
				CLANG_WARN__DUPLICATE_METHOD_MATCH = YES;
				"CODE_SIGN_IDENTITY[sdk=iphoneos*]" = "iPhone Developer";
				COPY_PHASE_STRIP = YES;
				ENABLE_NS_ASSERTIONS = NO;
				ENABLE_STRICT_OBJC_MSGSEND = YES;
				GCC_C_LANGUAGE_STANDARD = gnu99;
				GCC_WARN_64_TO_32_BIT_CONVERSION = YES;
				GCC_WARN_ABOUT_RETURN_TYPE = YES_ERROR;
				GCC_WARN_UNDECLARED_SELECTOR = YES;
				GCC_WARN_UNINITIALIZED_AUTOS = YES_AGGRESSIVE;
				GCC_WARN_UNUSED_FUNCTION = YES;
				GCC_WARN_UNUSED_VARIABLE = YES;
				IPHONEOS_DEPLOYMENT_TARGET = 8.1;
				MTL_ENABLE_DEBUG_INFO = NO;
				SDKROOT = iphoneos;
				TARGETED_DEVICE_FAMILY = "1,2";
				VALIDATE_PRODUCT = YES;
			};
			name = Release;
		};
		0AF9BA321B0187D400093132 /* Debug */ = {
			isa = XCBuildConfiguration;
			buildSettings = {
				ASSETCATALOG_COMPILER_APPICON_NAME = AppIcon;
				CLANG_ENABLE_MODULES = YES;
				FRAMEWORK_SEARCH_PATHS = (
					"$(inherited)",
					"$(PROJECT_DIR)/Frameworks",
					"$(PROJECT_DIR)",
				);
				INFOPLIST_FILE = chor_mates/Info.plist;
				LD_RUNPATH_SEARCH_PATHS = "$(inherited) @executable_path/Frameworks";
				PRODUCT_NAME = "$(TARGET_NAME)";
				SWIFT_OBJC_BRIDGING_HEADER = "";
				SWIFT_OPTIMIZATION_LEVEL = "-Onone";
			};
			name = Debug;
		};
		0AF9BA331B0187D400093132 /* Release */ = {
			isa = XCBuildConfiguration;
			buildSettings = {
				ASSETCATALOG_COMPILER_APPICON_NAME = AppIcon;
				CLANG_ENABLE_MODULES = YES;
				FRAMEWORK_SEARCH_PATHS = (
					"$(inherited)",
					"$(PROJECT_DIR)/Frameworks",
					"$(PROJECT_DIR)",
				);
				INFOPLIST_FILE = chor_mates/Info.plist;
				LD_RUNPATH_SEARCH_PATHS = "$(inherited) @executable_path/Frameworks";
				PRODUCT_NAME = "$(TARGET_NAME)";
				SWIFT_OBJC_BRIDGING_HEADER = "";
			};
			name = Release;
		};
		0AF9BA351B0187D400093132 /* Debug */ = {
			isa = XCBuildConfiguration;
			buildSettings = {
				BUNDLE_LOADER = "$(TEST_HOST)";
				FRAMEWORK_SEARCH_PATHS = (
					"$(SDKROOT)/Developer/Library/Frameworks",
					"$(inherited)",
				);
				GCC_PREPROCESSOR_DEFINITIONS = (
					"DEBUG=1",
					"$(inherited)",
				);
				INFOPLIST_FILE = chor_matesTests/Info.plist;
				LD_RUNPATH_SEARCH_PATHS = "$(inherited) @executable_path/Frameworks @loader_path/Frameworks";
				PRODUCT_NAME = "$(TARGET_NAME)";
				TEST_HOST = "$(BUILT_PRODUCTS_DIR)/chor_mates.app/chor_mates";
			};
			name = Debug;
		};
		0AF9BA361B0187D400093132 /* Release */ = {
			isa = XCBuildConfiguration;
			buildSettings = {
				BUNDLE_LOADER = "$(TEST_HOST)";
				FRAMEWORK_SEARCH_PATHS = (
					"$(SDKROOT)/Developer/Library/Frameworks",
					"$(inherited)",
				);
				INFOPLIST_FILE = chor_matesTests/Info.plist;
				LD_RUNPATH_SEARCH_PATHS = "$(inherited) @executable_path/Frameworks @loader_path/Frameworks";
				PRODUCT_NAME = "$(TARGET_NAME)";
				TEST_HOST = "$(BUILT_PRODUCTS_DIR)/chor_mates.app/chor_mates";
			};
			name = Release;
		};
/* End XCBuildConfiguration section */

/* Begin XCConfigurationList section */
		0AF9BA0D1B0187D000093132 /* Build configuration list for PBXProject "chor_mates" */ = {
			isa = XCConfigurationList;
			buildConfigurations = (
				0AF9BA2F1B0187D400093132 /* Debug */,
				0AF9BA301B0187D400093132 /* Release */,
			);
			defaultConfigurationIsVisible = 0;
			defaultConfigurationName = Release;
		};
		0AF9BA311B0187D400093132 /* Build configuration list for PBXNativeTarget "chor_mates" */ = {
			isa = XCConfigurationList;
			buildConfigurations = (
				0AF9BA321B0187D400093132 /* Debug */,
				0AF9BA331B0187D400093132 /* Release */,
			);
			defaultConfigurationIsVisible = 0;
			defaultConfigurationName = Release;
		};
		0AF9BA341B0187D400093132 /* Build configuration list for PBXNativeTarget "chor_matesTests" */ = {
			isa = XCConfigurationList;
			buildConfigurations = (
				0AF9BA351B0187D400093132 /* Debug */,
				0AF9BA361B0187D400093132 /* Release */,
			);
			defaultConfigurationIsVisible = 0;
			defaultConfigurationName = Release;
		};
/* End XCConfigurationList section */
	};
	rootObject = 0AF9BA0A1B0187D000093132 /* Project object */;
}
